	<Project xmlns="http://schemas.microsoft.com/developer/msbuild/2003">
		<PropertyGroup>
			<ProjectGuid>{91585173-F6D8-4C90-A4D7-904C821A8DB1}</ProjectGuid>
			<MainSource>ZTOCrypt.dpk</MainSource>
			<Config Condition="'$(Config)'==''">Debug</Config>
			<DCC_DCCCompiler>DCC32</DCC_DCCCompiler>
			<ProjectVersion>12.0</ProjectVersion>
		</PropertyGroup>
		<PropertyGroup Condition="'$(Config)'=='Base' or '$(Base)'!=''">
			<Base>true</Base>
		</PropertyGroup>
		<PropertyGroup Condition="'$(Config)'=='Release' or '$(Cfg_1)'!=''">
			<Cfg_1>true</Cfg_1>
			<CfgParent>Base</CfgParent>
			<Base>true</Base>
		</PropertyGroup>
		<PropertyGroup Condition="'$(Config)'=='Debug' or '$(Cfg_2)'!=''">
			<Cfg_2>true</Cfg_2>
			<CfgParent>Base</CfgParent>
			<Base>true</Base>
		</PropertyGroup>
		<PropertyGroup Condition="'$(Base)'!=''">
			<DllSuffix>120</DllSuffix>
			<DCC_SymbolReferenceInfo>1</DCC_SymbolReferenceInfo>
			<DCC_ImageBase>00400000</DCC_ImageBase>
			<DCC_DependencyCheckOutputName>C:\Users\Public\Documents\RAD Studio\6.0\BPL\ZTOCrypt120.bpl</DCC_DependencyCheckOutputName>
			<DesignOnlyPackage>false</DesignOnlyPackage>
			<RuntimeOnlyPackage>true</RuntimeOnlyPackage>
			<DCC_UnitAlias>WinTypes=Windows;WinProcs=Windows;DbiTypes=BDE;DbiProcs=BDE;DbiErrs=BDE;$(DCC_UnitAlias)</DCC_UnitAlias>
			<DCC_Description>ZTO Cryptographic Routines</DCC_Description>
			<DCC_Platform>x86</DCC_Platform>
			<GenPackage>true</GenPackage>
			<DCC_S>false</DCC_S>
			<GenDll>true</GenDll>
			<DCC_OutputNeverBuildDcps>true</DCC_OutputNeverBuildDcps>
			<DCC_N>true</DCC_N>
			<DCC_E>false</DCC_E>
			<DCC_DcuOutput>..\..\BIN\DCU</DCC_DcuOutput>
			<DCC_K>false</DCC_K>
			<DCC_F>false</DCC_F>
		</PropertyGroup>
		<PropertyGroup Condition="'$(Cfg_1)'!=''">
			<DCC_LocalDebugSymbols>false</DCC_LocalDebugSymbols>
			<DCC_Define>RELEASE;$(DCC_Define)</DCC_Define>
			<DCC_SymbolReferenceInfo>0</DCC_SymbolReferenceInfo>
			<DCC_DebugInformation>false</DCC_DebugInformation>
		</PropertyGroup>
		<PropertyGroup Condition="'$(Cfg_2)'!=''">
			<DCC_Define>DEBUG;$(DCC_Define)</DCC_Define>
		</PropertyGroup>
		<ItemGroup>
			<DelphiCompile Include="ZTOCrypt.dpk">
				<MainSource>MainSource</MainSource>
			</DelphiCompile>
			<DCCReference Include="rtl.dcp"/>
			<DCCReference Include="..\..\SRC\Crypt\ZTO.Crypt.Types.pas"/>
			<DCCReference Include="..\..\SRC\Crypt\ZTO.Crypt.Utilities.pas"/>
			<DCCReference Include="..\..\SRC\Crypt\ciphers\ZTO.Ciphers.Blowfish.pas"/>
			<DCCReference Include="..\..\SRC\Crypt\ciphers\ZTO.Ciphers.Cast128.pas"/>
			<DCCReference Include="..\..\SRC\Crypt\ciphers\ZTO.Ciphers.Cast256.pas"/>
			<DCCReference Include="..\..\SRC\Crypt\ciphers\ZTO.Ciphers.Des.pas"/>
			<DCCReference Include="..\..\SRC\Crypt\ciphers\ZTO.Ciphers.Gost.pas"/>
			<DCCReference Include="..\..\SRC\Crypt\ciphers\ZTO.Ciphers.Ice.pas"/>
			<DCCReference Include="..\..\SRC\Crypt\ciphers\ZTO.Ciphers.Idea.pas"/>
			<DCCReference Include="..\..\SRC\Crypt\ciphers\ZTO.Ciphers.Mars.pas"/>
			<DCCReference Include="..\..\SRC\Crypt\ciphers\ZTO.Ciphers.Misty1.pas"/>
			<DCCReference Include="..\..\SRC\Crypt\ciphers\ZTO.Ciphers.Rc2.pas"/>
			<DCCReference Include="..\..\SRC\Crypt\ciphers\ZTO.Ciphers.Rc4.pas"/>
			<DCCReference Include="..\..\SRC\Crypt\ciphers\ZTO.Ciphers.Rc5.pas"/>
			<DCCReference Include="..\..\SRC\Crypt\ciphers\ZTO.Ciphers.Rc6.pas"/>
			<DCCReference Include="..\..\SRC\Crypt\ciphers\ZTO.Ciphers.Rijndael.pas"/>
			<DCCReference Include="..\..\SRC\Crypt\ciphers\ZTO.Ciphers.Serpent.pas"/>
			<DCCReference Include="..\..\SRC\Crypt\ciphers\ZTO.Ciphers.Tea.pas"/>
			<DCCReference Include="..\..\SRC\Crypt\ciphers\ZTO.Ciphers.Twofish.pas"/>
			<DCCReference Include="..\..\SRC\Crypt\hashes\ZTO.Crypt.Hashes.Haval.pas"/>
			<DCCReference Include="..\..\SRC\Crypt\hashes\ZTO.Crypt.Hashes.Md4.pas"/>
			<DCCReference Include="..\..\SRC\Crypt\hashes\ZTO.Crypt.Hashes.Md5.pas"/>
			<DCCReference Include="..\..\SRC\Crypt\hashes\ZTO.Crypt.Hashes.Ripemd128.pas"/>
			<DCCReference Include="..\..\SRC\Crypt\hashes\ZTO.Crypt.Hashes.Ripemd160.pas"/>
			<DCCReference Include="..\..\SRC\Crypt\hashes\ZTO.Crypt.Hashes.Sha1.pas"/>
			<DCCReference Include="..\..\SRC\Crypt\hashes\ZTO.Crypt.Hashes.Sha256.pas"/>
			<DCCReference Include="..\..\SRC\Crypt\hashes\ZTO.Crypt.Hashes.Sha512.pas"/>
			<DCCReference Include="..\..\SRC\Crypt\hashes\ZTO.Crypt.Hashes.tiger.pas"/>
			<DCCReference Include="..\..\SRC\Crypt\ZTO.Crypt.Consts.pas"/>
			<DCCReference Include="..\..\SRC\Crypt\ZTO.Crypt.Common.pas"/>
			<DCCReference Include="..\..\SRC\Crypt\ZTO.Crypt.Base64.pas"/>
			<DCCReference Include="..\..\SRC\Crypt\ZTO.Crypt.Blockciphers.pas"/>
			<BuildConfiguration Include="Base">
				<Key>Base</Key>
			</BuildConfiguration>
			<BuildConfiguration Include="Debug">
				<Key>Cfg_2</Key>
				<CfgParent>Base</CfgParent>
			</BuildConfiguration>
			<BuildConfiguration Include="Release">
				<Key>Cfg_1</Key>
				<CfgParent>Base</CfgParent>
			</BuildConfiguration>
		</ItemGroup>
		<Import Project="$(BDS)\Bin\CodeGear.Delphi.Targets" Condition="Exists('$(BDS)\Bin\CodeGear.Delphi.Targets')"/>
		<ProjectExtensions>
			<Borland.Personality>Delphi.Personality.12</Borland.Personality>
			<Borland.ProjectType>Package</Borland.ProjectType>
			<BorlandProject>
				<Delphi.Personality>
					<Source>
						<Source Name="MainSource">ZTOCrypt.dpk</Source>
					</Source>
					<Parameters>
						<Parameters Name="UseLauncher">False</Parameters>
						<Parameters Name="LoadAllSymbols">True</Parameters>
						<Parameters Name="LoadUnspecifiedSymbols">False</Parameters>
					</Parameters>
					<VersionInfo>
						<VersionInfo Name="IncludeVerInfo">True</VersionInfo>
						<VersionInfo Name="AutoIncBuild">True</VersionInfo>
						<VersionInfo Name="MajorVer">2</VersionInfo>
						<VersionInfo Name="MinorVer">1</VersionInfo>
						<VersionInfo Name="Release">0</VersionInfo>
						<VersionInfo Name="Build">554</VersionInfo>
						<VersionInfo Name="Debug">False</VersionInfo>
						<VersionInfo Name="PreRelease">False</VersionInfo>
						<VersionInfo Name="Special">False</VersionInfo>
						<VersionInfo Name="Private">False</VersionInfo>
						<VersionInfo Name="DLL">False</VersionInfo>
						<VersionInfo Name="Locale">1046</VersionInfo>
						<VersionInfo Name="CodePage">1252</VersionInfo>
					</VersionInfo>
					<VersionInfoKeys>
						<VersionInfoKeys Name="CompanyName"/>
						<VersionInfoKeys Name="FileDescription"/>
						<VersionInfoKeys Name="FileVersion">2.1.0.554</VersionInfoKeys>
						<VersionInfoKeys Name="InternalName"/>
						<VersionInfoKeys Name="LegalCopyright"/>
						<VersionInfoKeys Name="LegalTrademarks"/>
						<VersionInfoKeys Name="OriginalFilename"/>
						<VersionInfoKeys Name="ProductName"/>
						<VersionInfoKeys Name="ProductVersion">1.0.0.0</VersionInfoKeys>
						<VersionInfoKeys Name="Comments"/>
						<VersionInfoKeys Name="LastCompiledTime">17/07/2010 13:09:53</VersionInfoKeys>
					</VersionInfoKeys>
					<Excluded_Packages>
						<Excluded_Packages Name="$(BDS)\bin\dcloffice2k140.bpl">Microsoft Office 2000 Sample Automation Server Wrapper Components</Excluded_Packages>
						<Excluded_Packages Name="$(BDS)\bin\dclofficexp140.bpl">Microsoft Office XP Sample Automation Server Wrapper Components</Excluded_Packages>
					</Excluded_Packages>
				</Delphi.Personality>
			</BorlandProject>
			<ProjectFileVersion>12</ProjectFileVersion>
		</ProjectExtensions>
	</Project>
