	<Project xmlns="http://schemas.microsoft.com/developer/msbuild/2003">
		<PropertyGroup>
			<ProjectGuid>{FD6B07A7-F886-4E48-B60C-E81DF6305ACB}</ProjectGuid>
			<MainSource>WellPlayer.dpr</MainSource>
			<Config Condition="'$(Config)'==''">Debug</Config>
			<DCC_DCCCompiler>DCC32</DCC_DCCCompiler>
			<ProjectVersion>12.0</ProjectVersion>
		</PropertyGroup>
		<PropertyGroup Condition="'$(Config)'=='Base' or '$(Base)'!=''">
			<Base>true</Base>
		</PropertyGroup>
		<PropertyGroup Condition="'$(Config)'=='Release' or '$(Cfg_1)'!=''">
			<Cfg_1>true</Cfg_1>
			<CfgParent>Base</CfgParent>
			<Base>true</Base>
		</PropertyGroup>
		<PropertyGroup Condition="'$(Config)'=='Debug' or '$(Cfg_2)'!=''">
			<Cfg_2>true</Cfg_2>
			<CfgParent>Base</CfgParent>
			<Base>true</Base>
		</PropertyGroup>
		<PropertyGroup Condition="'$(Base)'!=''">
			<DCC_RangeChecking>true</DCC_RangeChecking>
			<DCC_UNIT_PLATFORM>false</DCC_UNIT_PLATFORM>
			<DCC_SYMBOL_PLATFORM>false</DCC_SYMBOL_PLATFORM>
			<DCC_UsePackage>vcl;rtl;vclx;indy;inet;xmlrtl;vclie;inetdbbde;inetdbxpress;dbrtl;dsnap;dsnapcon;vcldb;soaprtl;VclSmp;dbexpress;dbxcds;inetdb;bdertl;vcldbx;webdsnap;websnap;adortl;ibxpress;teeui;teedb;tee;dss;visualclx;visualdbclx;vclactnband;vclshlctrls;IntrawebDB_50_70;Intraweb_50_70;Rave50CLX;Rave50VCL;dclOfficeXP;AClasseD7;AClsDBD7;AClsSombraD7;AClsExtraD7;AClsPesqInstD7;GuardiaoD7;AClsClGrdD7;fc4000v7;ip4000clientvcl7;ip4000v7;RxCtl7;RxDB7;RxBDE7;rbDIDE107;rbDAD107;rbUSERDesign107;rbUSER107;rbRCL107;rbDBDE107;rbBDE107;rbDB107;rbADO107;rbDBE107;rbIBE107;rbIDE107;rbCIDE107;rbRIDE107;rbRAP107;ztv70rt;XDevice7;MPSUtilsD7R;dacvcl70;dac70;CRControls70;odacvcl70;odac70;oraprov70;dsavegrid50;QRExports;qrpt70;MPSExtraD7;HardShadowD7;CompEsparta;AClsDBIP4000D7</DCC_UsePackage>
			<DCC_ImageBase>00400000</DCC_ImageBase>
			<DCC_UNSAFE_TYPE>true</DCC_UNSAFE_TYPE>
			<DCC_Platform>x86</DCC_Platform>
			<DCC_UnitAlias>WinTypes=Windows;WinProcs=Windows;DbiTypes=BDE;DbiProcs=BDE;DbiErrs=BDE;$(DCC_UnitAlias)</DCC_UnitAlias>
			<DCC_DependencyCheckOutputName>..\BIN\EXE\WellPlayer.exe</DCC_DependencyCheckOutputName>
			<DCC_ExeOutput>..\BIN\EXE</DCC_ExeOutput>
			<DCC_K>false</DCC_K>
			<DCC_F>false</DCC_F>
			<DCC_S>false</DCC_S>
			<DCC_N>true</DCC_N>
			<DCC_SymbolReferenceInfo>1</DCC_SymbolReferenceInfo>
			<DCC_UNSAFE_CAST>true</DCC_UNSAFE_CAST>
			<DCC_E>false</DCC_E>
			<DCC_DcuOutput>..\BIN\DCU</DCC_DcuOutput>
		</PropertyGroup>
		<PropertyGroup Condition="'$(Cfg_1)'!=''">
			<DCC_LocalDebugSymbols>false</DCC_LocalDebugSymbols>
			<DCC_Define>RELEASE;$(DCC_Define)</DCC_Define>
			<DCC_SymbolReferenceInfo>0</DCC_SymbolReferenceInfo>
			<DCC_DebugInformation>false</DCC_DebugInformation>
		</PropertyGroup>
		<PropertyGroup Condition="'$(Cfg_2)'!=''">
			<DCC_Define>DEBUG;$(DCC_Define)</DCC_Define>
		</PropertyGroup>
		<ItemGroup>
			<DelphiCompile Include="WellPlayer.dpr">
				<MainSource>MainSource</MainSource>
			</DelphiCompile>
			<DCCReference Include="..\src\UForm_Configuracao.pas">
				<Form>Form_Configuracao</Form>
			</DCCReference>
			<DCCReference Include="..\src\UFuncoes.pas"/>
			<DCCReference Include="..\src\UForm_Player.pas">
				<Form>Form_Player</Form>
			</DCCReference>
			<DCCReference Include="..\SRC\UHDDInfo.pas"/>
			<DCCReference Include="..\SRC\Crypt\ZTO.Crypt.Utilities.pas"/>
			<DCCReference Include="..\SRC\Crypt\ZTO.Crypt.Types.pas"/>
			<DCCReference Include="..\SRC\Crypt\hashes\ZTO.Crypt.Hashes.Haval.pas"/>
			<DCCReference Include="..\SRC\Crypt\hashes\ZTO.Crypt.Hashes.Md4.pas"/>
			<DCCReference Include="..\SRC\Crypt\hashes\ZTO.Crypt.Hashes.Md5.pas"/>
			<DCCReference Include="..\SRC\Crypt\hashes\ZTO.Crypt.Hashes.Ripemd128.pas"/>
			<DCCReference Include="..\SRC\Crypt\hashes\ZTO.Crypt.Hashes.Ripemd160.pas"/>
			<DCCReference Include="..\SRC\Crypt\hashes\ZTO.Crypt.Hashes.Sha1.pas"/>
			<DCCReference Include="..\SRC\Crypt\hashes\ZTO.Crypt.Hashes.Sha256.pas"/>
			<DCCReference Include="..\SRC\Crypt\hashes\ZTO.Crypt.Hashes.Sha512.pas"/>
			<DCCReference Include="..\SRC\Crypt\hashes\ZTO.Crypt.Hashes.tiger.pas"/>
			<DCCReference Include="..\SRC\Crypt\ZTO.Crypt.Common.pas"/>
			<DCCReference Include="..\SRC\Crypt\ZTO.Crypt.Consts.pas"/>
			<DCCReference Include="..\SRC\Crypt\ZTO.Crypt.Base64.pas"/>
			<DCCReference Include="..\SRC\Crypt\ZTO.Crypt.Blockciphers.pas"/>
			<BuildConfiguration Include="Base">
				<Key>Base</Key>
			</BuildConfiguration>
			<BuildConfiguration Include="Debug">
				<Key>Cfg_2</Key>
				<CfgParent>Base</CfgParent>
			</BuildConfiguration>
			<BuildConfiguration Include="Release">
				<Key>Cfg_1</Key>
				<CfgParent>Base</CfgParent>
			</BuildConfiguration>
		</ItemGroup>
		<Import Project="$(BDS)\Bin\CodeGear.Delphi.Targets" Condition="Exists('$(BDS)\Bin\CodeGear.Delphi.Targets')"/>
		<ProjectExtensions>
			<Borland.Personality>Delphi.Personality.12</Borland.Personality>
			<Borland.ProjectType>VCLApplication</Borland.ProjectType>
			<BorlandProject>
				<Delphi.Personality>
					<Source>
						<Source Name="MainSource">WellPlayer.dpr</Source>
					</Source>
					<Parameters>
						<Parameters Name="UseLauncher">False</Parameters>
						<Parameters Name="LoadAllSymbols">True</Parameters>
						<Parameters Name="LoadUnspecifiedSymbols">False</Parameters>
					</Parameters>
					<VersionInfo>
						<VersionInfo Name="IncludeVerInfo">False</VersionInfo>
						<VersionInfo Name="AutoIncBuild">False</VersionInfo>
						<VersionInfo Name="MajorVer">1</VersionInfo>
						<VersionInfo Name="MinorVer">0</VersionInfo>
						<VersionInfo Name="Release">0</VersionInfo>
						<VersionInfo Name="Build">0</VersionInfo>
						<VersionInfo Name="Debug">False</VersionInfo>
						<VersionInfo Name="PreRelease">False</VersionInfo>
						<VersionInfo Name="Special">False</VersionInfo>
						<VersionInfo Name="Private">False</VersionInfo>
						<VersionInfo Name="DLL">False</VersionInfo>
						<VersionInfo Name="Locale">1046</VersionInfo>
						<VersionInfo Name="CodePage">1252</VersionInfo>
					</VersionInfo>
					<VersionInfoKeys>
						<VersionInfoKeys Name="FileVersion">1.0.0.0</VersionInfoKeys>
					</VersionInfoKeys>
				</Delphi.Personality>
				<ModelSupport>False</ModelSupport>
			</BorlandProject>
			<ProjectFileVersion>12</ProjectFileVersion>
		</ProjectExtensions>
	</Project>
