	<Project xmlns="http://schemas.microsoft.com/developer/msbuild/2003">
		<PropertyGroup>
			<ProjectGuid>{D9660112-E226-4DD9-9391-A24816116B32}</ProjectGuid>
			<MainSource>FTPSyncCli.dpr</MainSource>
			<Config Condition="'$(Config)'==''">Debug</Config>
			<DCC_DCCCompiler>DCC32</DCC_DCCCompiler>
			<ProjectVersion>12.0</ProjectVersion>
		</PropertyGroup>
		<PropertyGroup Condition="'$(Config)'=='Base' or '$(Base)'!=''">
			<Base>true</Base>
		</PropertyGroup>
		<PropertyGroup Condition="'$(Config)'=='Release' or '$(Cfg_1)'!=''">
			<Cfg_1>true</Cfg_1>
			<CfgParent>Base</CfgParent>
			<Base>true</Base>
		</PropertyGroup>
		<PropertyGroup Condition="'$(Config)'=='Debug' or '$(Cfg_2)'!=''">
			<Cfg_2>true</Cfg_2>
			<CfgParent>Base</CfgParent>
			<Base>true</Base>
		</PropertyGroup>
		<PropertyGroup Condition="'$(Base)'!=''">
			<DCC_UnitSearchPath>$(FW11);$(FW11)\Form repository;$(FW11)\Libraries;$(FW11)\Libraries\Crypt;$(FW11)\Libraries\Crypt\Hashes;$(FW11)\Libraries\Interposer;$(HIT_FTPSYNCHRONIZER)\LIB;$(DCC_UnitSearchPath)</DCC_UnitSearchPath>
			<DCC_DependencyCheckOutputName>..\BIN\EXE\FTPSyncCli.exe</DCC_DependencyCheckOutputName>
			<DCC_ImageBase>00400000</DCC_ImageBase>
			<DCC_ExeOutput>..\BIN\EXE</DCC_ExeOutput>
			<DCC_UnitAlias>WinTypes=Windows;WinProcs=Windows;DbiTypes=BDE;DbiProcs=BDE;DbiErrs=BDE;$(DCC_UnitAlias)</DCC_UnitAlias>
			<DCC_Define>FTPSYNCCLI;xDEVELOPING;$(DCC_Define)</DCC_Define>
			<DCC_Platform>x86</DCC_Platform>
			<DCC_UsePackage>xmlrtl;rtl;vcl;vclie;inet;inetdbbde;inetdbxpress;vclx;soaprtl;dbrtl;dsnap;inetdb;bdertl;vcldb;vcldbx;webdsnap;websnap;vclactnband;CFDBGridPack;CFEditPack;CFUnRARPack;DefinedCryptPack;DelphiTwainPack;FireFoxControlPack;IcsDel90;PDJButtonPACK;php4DelphiR2005;SynEdit_D6;ZComponent;ZParseSql;ZCore;ZDbc;ZPlain</DCC_UsePackage>
			<DCC_K>false</DCC_K>
			<DCC_N>true</DCC_N>
			<DCC_S>false</DCC_S>
			<DCC_F>false</DCC_F>
			<DCC_SymbolReferenceInfo>1</DCC_SymbolReferenceInfo>
			<DCC_DcuOutput>..\BIN\DCU</DCC_DcuOutput>
			<DCC_E>false</DCC_E>
		</PropertyGroup>
		<PropertyGroup Condition="'$(Cfg_1)'!=''">
			<DCC_LocalDebugSymbols>false</DCC_LocalDebugSymbols>
			<DCC_Define>RELEASE;$(DCC_Define)</DCC_Define>
			<DCC_SymbolReferenceInfo>0</DCC_SymbolReferenceInfo>
			<DCC_DebugInformation>false</DCC_DebugInformation>
		</PropertyGroup>
		<PropertyGroup Condition="'$(Cfg_2)'!=''">
			<DCC_Define>DEBUG;$(DCC_Define)</DCC_Define>
		</PropertyGroup>
		<ItemGroup>
			<DelphiCompile Include="FTPSyncCli.dpr">
				<MainSource>MainSource</MainSource>
			</DelphiCompile>
			<DCCReference Include="..\SRC\UFSCForm_Main.pas">
				<Form>FSCForm_Main</Form>
			</DCCReference>
			<DCCReference Include="..\SRC\UFSCForm_Configurations.pas">
				<Form>FSCForm_Configurations</Form>
			</DCCReference>
			<DCCReference Include="..\SRC\UFSCForm_Splash.pas">
				<Form>FSCForm_Splash</Form>
			</DCCReference>
			<None Include="ModelSupport_FTPSyncCli\default.txaPackage"/>
			<None Include="ModelSupport_FTPSyncCli\FTPSyncCli\default.txaPackage"/>
			<None Include="ModelSupport_FTPSyncCli\UFSCForm_Splash\default.txaPackage"/>
			<None Include="ModelSupport_FTPSyncCli\UFSCForm_Main\default.txaPackage"/>
			<None Include="ModelSupport_FTPSyncCli\UFSCForm_Configurations\default.txaPackage"/>
			<None Include="ModelSupport_FTPSyncCli\default.txvpck"/>
			<None Include="ModelSupport_FTPSyncCli\FTPSyncCli\default.txvpck"/>
			<None Include="ModelSupport_FTPSyncCli\UFSCForm_Configurations\default.txvpck"/>
			<None Include="ModelSupport_FTPSyncCli\UFSCForm_Main\default.txvpck"/>
			<None Include="ModelSupport_FTPSyncCli\UFSCForm_Splash\default.txvpck"/>
			<BuildConfiguration Include="Base">
				<Key>Base</Key>
			</BuildConfiguration>
			<BuildConfiguration Include="Debug">
				<Key>Cfg_2</Key>
				<CfgParent>Base</CfgParent>
			</BuildConfiguration>
			<BuildConfiguration Include="Release">
				<Key>Cfg_1</Key>
				<CfgParent>Base</CfgParent>
			</BuildConfiguration>
		</ItemGroup>
		<Import Project="$(BDS)\Bin\CodeGear.Delphi.Targets" Condition="Exists('$(BDS)\Bin\CodeGear.Delphi.Targets')"/>
		<ProjectExtensions>
			<Borland.Personality>Delphi.Personality.12</Borland.Personality>
			<Borland.ProjectType/>
			<BorlandProject>
				<Delphi.Personality>
					<Source>
						<Source Name="MainSource">FTPSyncCli.dpr</Source>
					</Source>
					<Parameters>
						<Parameters Name="RunParams">/tt 5 /cs 30000000</Parameters>
						<Parameters Name="HostApplication">C:\Backup 006\Tutoriais e projetos\Projetos\Delphi\Projetos {datacurta}\WSC FrameWork\[Customers]\Hitachi Ar Condicionado do Brasil\Systems\FTP Synchronizer\Modules\FTP Server\Bin\release\FTPSyncSer.exe</Parameters>
						<Parameters Name="UseLauncher">False</Parameters>
						<Parameters Name="LoadAllSymbols">True</Parameters>
						<Parameters Name="LoadUnspecifiedSymbols">False</Parameters>
					</Parameters>
					<VersionInfo>
						<VersionInfo Name="IncludeVerInfo">True</VersionInfo>
						<VersionInfo Name="AutoIncBuild">True</VersionInfo>
						<VersionInfo Name="MajorVer">4</VersionInfo>
						<VersionInfo Name="MinorVer">0</VersionInfo>
						<VersionInfo Name="Release">1</VersionInfo>
						<VersionInfo Name="Build">108</VersionInfo>
						<VersionInfo Name="Debug">False</VersionInfo>
						<VersionInfo Name="PreRelease">False</VersionInfo>
						<VersionInfo Name="Special">False</VersionInfo>
						<VersionInfo Name="Private">False</VersionInfo>
						<VersionInfo Name="DLL">False</VersionInfo>
						<VersionInfo Name="Locale">1046</VersionInfo>
						<VersionInfo Name="CodePage">1252</VersionInfo>
					</VersionInfo>
					<VersionInfoKeys>
						<VersionInfoKeys Name="CompanyName">Hitachi Ar Condicionado do Brasil Ltda.</VersionInfoKeys>
						<VersionInfoKeys Name="FileDescription">Cliente de sincronização via FTP</VersionInfoKeys>
						<VersionInfoKeys Name="FileVersion">4.0.1.108</VersionInfoKeys>
						<VersionInfoKeys Name="InternalName">FTPSYNC-CLI</VersionInfoKeys>
						<VersionInfoKeys Name="LegalCopyright">Copyright 2011 Carlos Barreto Feitoza Filho. Todos os direitos reservados.</VersionInfoKeys>
						<VersionInfoKeys Name="LegalTrademarks">Windows, Windows XP e Tecnologia NT são marcas registradas da Microsft Corporation. Todos os direitos reservados. Qualquer outra marca citada, quando não informado o contrário, pertecen ao seu respectivo dono.</VersionInfoKeys>
						<VersionInfoKeys Name="OriginalFilename">FTPSynCli.exe</VersionInfoKeys>
						<VersionInfoKeys Name="ProductName">FTP Synchronizer</VersionInfoKeys>
						<VersionInfoKeys Name="ProductVersion">4.0</VersionInfoKeys>
						<VersionInfoKeys Name="Comments">Desenvolvido sob encomenda por Carlos Barreto Feitoza Filho (023.227.194-12) em Olinda, Pernambuco, Brasil</VersionInfoKeys>
						<VersionInfoKeys Name="LastCompiledTime">31/10/2009 15:36:40</VersionInfoKeys>
					</VersionInfoKeys>
				</Delphi.Personality>
			</BorlandProject>
			<ProjectFileVersion>12</ProjectFileVersion>
		</ProjectExtensions>
	</Project>
